// !$*UTF8*$!
{
	archiveVersion = 1;
	classes = {
	};
	objectVersion = 50;
	objects = {

/* Begin PBXBuildFile section */
		6BBCF820251E17A3005357B0 /* AppDelegate.swift in Sources */ = {isa = PBXBuildFile; fileRef = 6BBCF81F251E17A3005357B0 /* AppDelegate.swift */; };
		6BBCF822251E17A3005357B0 /* SceneDelegate.swift in Sources */ = {isa = PBXBuildFile; fileRef = 6BBCF821251E17A3005357B0 /* SceneDelegate.swift */; };
		6BBCF824251E17A3005357B0 /* ContentView.swift in Sources */ = {isa = PBXBuildFile; fileRef = 6BBCF823251E17A3005357B0 /* ContentView.swift */; };
		6BBCF826251E17A7005357B0 /* Assets.xcassets in Resources */ = {isa = PBXBuildFile; fileRef = 6BBCF825251E17A7005357B0 /* Assets.xcassets */; };
		6BBCF829251E17A7005357B0 /* Preview Assets.xcassets in Resources */ = {isa = PBXBuildFile; fileRef = 6BBCF828251E17A7005357B0 /* Preview Assets.xcassets */; };
		6BBCF82C251E17A7005357B0 /* LaunchScreen.storyboard in Resources */ = {isa = PBXBuildFile; fileRef = 6BBCF82A251E17A7005357B0 /* LaunchScreen.storyboard */; };
		6BBCF834251E17CE005357B0 /* addConfiguration.swift in Sources */ = {isa = PBXBuildFile; fileRef = 6BBCF833251E17CE005357B0 /* addConfiguration.swift */; };
/* End PBXBuildFile section */

/* Begin PBXFileReference section */
		6BBCF81C251E17A3005357B0 /* ForEachNavLink_V2.app */ = {isa = PBXFileReference; explicitFileType = wrapper.application; includeInIndex = 0; path = ForEachNavLink_V2.app; sourceTree = BUILT_PRODUCTS_DIR; };
		6BBCF81F251E17A3005357B0 /* AppDelegate.swift */ = {isa = PBXFileReference; lastKnownFileType = sourcecode.swift; path = AppDelegate.swift; sourceTree = "<group>"; };
		6BBCF821251E17A3005357B0 /* SceneDelegate.swift */ = {isa = PBXFileReference; lastKnownFileType = sourcecode.swift; path = SceneDelegate.swift; sourceTree = "<group>"; };
		6BBCF823251E17A3005357B0 /* ContentView.swift */ = {isa = PBXFileReference; lastKnownFileType = sourcecode.swift; path = ContentView.swift; sourceTree = "<group>"; };
		6BBCF825251E17A7005357B0 /* Assets.xcassets */ = {isa = PBXFileReference; lastKnownFileType = folder.assetcatalog; path = Assets.xcassets; sourceTree = "<group>"; };
		6BBCF828251E17A7005357B0 /* Preview Assets.xcassets */ = {isa = PBXFileReference; lastKnownFileType = folder.assetcatalog; path = "Preview Assets.xcassets"; sourceTree = "<group>"; };
		6BBCF82B251E17A7005357B0 /* Base */ = {isa = PBXFileReference; lastKnownFileType = file.storyboard; name = Base; path = Base.lproj/LaunchScreen.storyboard; sourceTree = "<group>"; };
		6BBCF82D251E17A7005357B0 /* Info.plist */ = {isa = PBXFileReference; lastKnownFileType = text.plist.xml; path = Info.plist; sourceTree = "<group>"; };
		6BBCF833251E17CE005357B0 /* addConfiguration.swift */ = {isa = PBXFileReference; lastKnownFileType = sourcecode.swift; path = addConfiguration.swift; sourceTree = "<group>"; };
/* End PBXFileReference section */

/* Begin PBXFrameworksBuildPhase section */
		6BBCF819251E17A3005357B0 /* Frameworks */ = {
			isa = PBXFrameworksBuildPhase;
			buildActionMask = 2147483647;
			files = (
			);
			runOnlyForDeploymentPostprocessing = 0;
		};
/* End PBXFrameworksBuildPhase section */

/* Begin PBXGroup section */
		6BBCF813251E17A3005357B0 = {
			isa = PBXGroup;
			children = (
				6BBCF81E251E17A3005357B0 /* ForEachNavLink_V2 */,
				6BBCF81D251E17A3005357B0 /* Products */,
			);
			sourceTree = "<group>";
		};
		6BBCF81D251E17A3005357B0 /* Products */ = {
			isa = PBXGroup;
			children = (
				6BBCF81C251E17A3005357B0 /* ForEachNavLink_V2.app */,
			);
			name = Products;
			sourceTree = "<group>";
		};
		6BBCF81E251E17A3005357B0 /* ForEachNavLink_V2 */ = {
			isa = PBXGroup;
			children = (
				6BBCF81F251E17A3005357B0 /* AppDelegate.swift */,
				6BBCF821251E17A3005357B0 /* SceneDelegate.swift */,
				6BBCF823251E17A3005357B0 /* ContentView.swift */,
				6BBCF825251E17A7005357B0 /* Assets.xcassets */,
				6BBCF82A251E17A7005357B0 /* LaunchScreen.storyboard */,
				6BBCF82D251E17A7005357B0 /* Info.plist */,
				6BBCF827251E17A7005357B0 /* Preview Content */,
				6BBCF833251E17CE005357B0 /* addConfiguration.swift */,
			);
			path = ForEachNavLink_V2;
			sourceTree = "<group>";
		};
		6BBCF827251E17A7005357B0 /* Preview Content */ = {
			isa = PBXGroup;
			children = (
				6BBCF828251E17A7005357B0 /* Preview Assets.xcassets */,
			);
			path = "Preview Content";
			sourceTree = "<group>";
		};
/* End PBXGroup section */

/* Begin PBXNativeTarget section */
		6BBCF81B251E17A3005357B0 /* ForEachNavLink_V2 */ = {
			isa = PBXNativeTarget;
			buildConfigurationList = 6BBCF830251E17A7005357B0 /* Build configuration list for PBXNativeTarget "ForEachNavLink_V2" */;
			buildPhases = (
				6BBCF818251E17A3005357B0 /* Sources */,
				6BBCF819251E17A3005357B0 /* Frameworks */,
				6BBCF81A251E17A3005357B0 /* Resources */,
			);
			buildRules = (
			);
			dependencies = (
			);
			name = ForEachNavLink_V2;
			productName = ForEachNavLink_V2;
			productReference = 6BBCF81C251E17A3005357B0 /* ForEachNavLink_V2.app */;
			productType = "com.apple.product-type.application";
		};
/* End PBXNativeTarget section */

/* Begin PBXProject section */
		6BBCF814251E17A3005357B0 /* Project object */ = {
			isa = PBXProject;
			attributes = {
				LastSwiftUpdateCheck = 1170;
				LastUpgradeCheck = 1170;
				ORGANIZATIONNAME = "Kushinski, Michael [COMRES/AC/SID]";
				TargetAttributes = {
					6BBCF81B251E17A3005357B0 = {
						CreatedOnToolsVersion = 11.7;
					};
				};
			};
			buildConfigurationList = 6BBCF817251E17A3005357B0 /* Build configuration list for PBXProject "ForEachNavLink_V2" */;
			compatibilityVersion = "Xcode 9.3";
			developmentRegion = en;
			hasScannedForEncodings = 0;
			knownRegions = (
				en,
				Base,
			);
			mainGroup = 6BBCF813251E17A3005357B0;
			productRefGroup = 6BBCF81D251E17A3005357B0 /* Products */;
			projectDirPath = "";
			projectRoot = "";
			targets = (
				6BBCF81B251E17A3005357B0 /* ForEachNavLink_V2 */,
			);
		};
/* End PBXProject section */

/* Begin PBXResourcesBuildPhase section */
		6BBCF81A251E17A3005357B0 /* Resources */ = {
			isa = PBXResourcesBuildPhase;
			buildActionMask = 2147483647;
			files = (
				6BBCF82C251E17A7005357B0 /* LaunchScreen.storyboard in Resources */,
				6BBCF829251E17A7005357B0 /* Preview Assets.xcassets in Resources */,
				6BBCF826251E17A7005357B0 /* Assets.xcassets in Resources */,
			);
			runOnlyForDeploymentPostprocessing = 0;
		};
/* End PBXResourcesBuildPhase section */

/* Begin PBXSourcesBuildPhase section */
		6BBCF818251E17A3005357B0 /* Sources */ = {
			isa = PBXSourcesBuildPhase;
			buildActionMask = 2147483647;
			files = (
				6BBCF820251E17A3005357B0 /* AppDelegate.swift in Sources */,
				6BBCF822251E17A3005357B0 /* SceneDelegate.swift in Sources */,
				6BBCF834251E17CE005357B0 /* addConfiguration.swift in Sources */,
				6BBCF824251E17A3005357B0 /* ContentView.swift in Sources */,
			);
			runOnlyForDeploymentPostprocessing = 0;
		};
/* End PBXSourcesBuildPhase section */

/* Begin PBXVariantGroup section */
		6BBCF82A251E17A7005357B0 /* LaunchScreen.storyboard */ = {
			isa = PBXVariantGroup;
			children = (
				6BBCF82B251E17A7005357B0 /* Base */,
			);
			name = LaunchScreen.storyboard;
			sourceTree = "<group>";
		};
/* End PBXVariantGroup section */

/* Begin XCBuildConfiguration section */
		6BBCF82E251E17A7005357B0 /* Debug */ = {
			isa = XCBuildConfiguration;
			buildSettings = {
				ALWAYS_SEARCH_USER_PATHS = NO;
				CLANG_ANALYZER_NONNULL = YES;
				CLANG_ANALYZER_NUMBER_OBJECT_CONVERSION = YES_AGGRESSIVE;
				CLANG_CXX_LANGUAGE_STANDARD = "gnu++14";
				CLANG_CXX_LIBRARY = "libc++";
				CLANG_ENABLE_MODULES = YES;
				CLANG_ENABLE_OBJC_ARC = YES;
				CLANG_ENABLE_OBJC_WEAK = YES;
				CLANG_WARN_BLOCK_CAPTURE_AUTORELEASING = YES;
				CLANG_WARN_BOOL_CONVERSION = YES;
				CLANG_WARN_COMMA = YES;
				CLANG_WARN_CONSTANT_CONVERSION = YES;
				CLANG_WARN_DEPRECATED_OBJC_IMPLEMENTATIONS = YES;
				CLANG_WARN_DIRECT_OBJC_ISA_USAGE = YES_ERROR;
				CLANG_WARN_DOCUMENTATION_COMMENTS = YES;
				CLANG_WARN_EMPTY_BODY = YES;
				CLANG_WARN_ENUM_CONVERSION = YES;
				CLANG_WARN_INFINITE_RECURSION = YES;
				CLANG_WARN_INT_CONVERSION = YES;
				CLANG_WARN_NON_LITERAL_NULL_CONVERSION = YES;
				CLANG_WARN_OBJC_IMPLICIT_RETAIN_SELF = YES;
				CLANG_WARN_OBJC_LITERAL_CONVERSION = YES;
				CLANG_WARN_OBJC_ROOT_CLASS = YES_ERROR;
				CLANG_WARN_RANGE_LOOP_ANALYSIS = YES;
				CLANG_WARN_STRICT_PROTOTYPES = YES;
				CLANG_WARN_SUSPICIOUS_MOVE = YES;
				CLANG_WARN_UNGUARDED_AVAILABILITY = YES_AGGRESSIVE;
				CLANG_WARN_UNREACHABLE_CODE = YES;
				CLANG_WARN__DUPLICATE_METHOD_MATCH = YES;
				COPY_PHASE_STRIP = NO;
				DEBUG_INFORMATION_FORMAT = dwarf;
				ENABLE_STRICT_OBJC_MSGSEND = YES;
				ENABLE_TESTABILITY = YES;
				GCC_C_LANGUAGE_STANDARD = gnu11;
				GCC_DYNAMIC_NO_PIC = NO;
				GCC_NO_COMMON_BLOCKS = YES;
				GCC_OPTIMIZATION_LEVEL = 0;
				GCC_PREPROCESSOR_DEFINITIONS = (
					"DEBUG=1",
					"$(inherited)",
				);
				GCC_WARN_64_TO_32_BIT_CONVERSION = YES;
				GCC_WARN_ABOUT_RETURN_TYPE = YES_ERROR;
				GCC_WARN_UNDECLARED_SELECTOR = YES;
				GCC_WARN_UNINITIALIZED_AUTOS = YES_AGGRESSIVE;
				GCC_WARN_UNUSED_FUNCTION = YES;
				GCC_WARN_UNUSED_VARIABLE = YES;
				IPHONEOS_DEPLOYMENT_TARGET = 13.7;
				MTL_ENABLE_DEBUG_INFO = INCLUDE_SOURCE;
				MTL_FAST_MATH = YES;
				ONLY_ACTIVE_ARCH = YES;
				SDKROOT = iphoneos;
				SWIFT_ACTIVE_COMPILATION_CONDITIONS = DEBUG;
				SWIFT_OPTIMIZATION_LEVEL = "-Onone";
			};
			name = Debug;
		};
		6BBCF82F251E17A7005357B0 /* Release */ = {
			isa = XCBuildConfiguration;
			buildSettings = {
				ALWAYS_SEARCH_USER_PATHS = NO;
				CLANG_ANALYZER_NONNULL = YES;
				CLANG_ANALYZER_NUMBER_OBJECT_CONVERSION = YES_AGGRESSIVE;
				CLANG_CXX_LANGUAGE_STANDARD = "gnu++14";
				CLANG_CXX_LIBRARY = "libc++";
				CLANG_ENABLE_MODULES = YES;
				CLANG_ENABLE_OBJC_ARC = YES;
				CLANG_ENABLE_OBJC_WEAK = YES;
				CLANG_WARN_BLOCK_CAPTURE_AUTORELEASING = YES;
				CLANG_WARN_BOOL_CONVERSION = YES;
				CLANG_WARN_COMMA = YES;
				CLANG_WARN_CONSTANT_CONVERSION = YES;
				CLANG_WARN_DEPRECATED_OBJC_IMPLEMENTATIONS = YES;
				CLANG_WARN_DIRECT_OBJC_ISA_USAGE = YES_ERROR;
				CLANG_WARN_DOCUMENTATION_COMMENTS = YES;
				CLANG_WARN_EMPTY_BODY = YES;
				CLANG_WARN_ENUM_CONVERSION = YES;
				CLANG_WARN_INFINITE_RECURSION = YES;
				CLANG_WARN_INT_CONVERSION = YES;
				CLANG_WARN_NON_LITERAL_NULL_CONVERSION = YES;
				CLANG_WARN_OBJC_IMPLICIT_RETAIN_SELF = YES;
				CLANG_WARN_OBJC_LITERAL_CONVERSION = YES;
				CLANG_WARN_OBJC_ROOT_CLASS = YES_ERROR;
				CLANG_WARN_RANGE_LOOP_ANALYSIS = YES;
				CLANG_WARN_STRICT_PROTOTYPES = YES;
				CLANG_WARN_SUSPICIOUS_MOVE = YES;
				CLANG_WARN_UNGUARDED_AVAILABILITY = YES_AGGRESSIVE;
				CLANG_WARN_UNREACHABLE_CODE = YES;
				CLANG_WARN__DUPLICATE_METHOD_MATCH = YES;
				COPY_PHASE_STRIP = NO;
				DEBUG_INFORMATION_FORMAT = "dwarf-with-dsym";
				ENABLE_NS_ASSERTIONS = NO;
				ENABLE_STRICT_OBJC_MSGSEND = YES;
				GCC_C_LANGUAGE_STANDARD = gnu11;
				GCC_NO_COMMON_BLOCKS = YES;
				GCC_WARN_64_TO_32_BIT_CONVERSION = YES;
				GCC_WARN_ABOUT_RETURN_TYPE = YES_ERROR;
				GCC_WARN_UNDECLARED_SELECTOR = YES;
				GCC_WARN_UNINITIALIZED_AUTOS = YES_AGGRESSIVE;
				GCC_WARN_UNUSED_FUNCTION = YES;
				GCC_WARN_UNUSED_VARIABLE = YES;
				IPHONEOS_DEPLOYMENT_TARGET = 13.7;
				MTL_ENABLE_DEBUG_INFO = NO;
				MTL_FAST_MATH = YES;
				SDKROOT = iphoneos;
				SWIFT_COMPILATION_MODE = wholemodule;
				SWIFT_OPTIMIZATION_LEVEL = "-O";
				VALIDATE_PRODUCT = YES;
			};
			name = Release;
		};
		6BBCF831251E17A7005357B0 /* Debug */ = {
			isa = XCBuildConfiguration;
			buildSettings = {
				ASSETCATALOG_COMPILER_APPICON_NAME = AppIcon;
				CODE_SIGN_STYLE = Automatic;
				DEVELOPMENT_ASSET_PATHS = "\"ForEachNavLink_V2/Preview Content\"";
				ENABLE_PREVIEWS = YES;
				INFOPLIST_FILE = ForEachNavLink_V2/Info.plist;
				LD_RUNPATH_SEARCH_PATHS = (
					"$(inherited)",
					"@executable_path/Frameworks",
				);
				PRODUCT_BUNDLE_IDENTIFIER = "test.ForEachNavLink-V2";
				PRODUCT_NAME = "$(TARGET_NAME)";
				SWIFT_VERSION = 5.0;
				TARGETED_DEVICE_FAMILY = "1,2";
			};
			name = Debug;
		};
		6BBCF832251E17A7005357B0 /* Release */ = {
			isa = XCBuildConfiguration;
			buildSettings = {
				ASSETCATALOG_COMPILER_APPICON_NAME = AppIcon;
				CODE_SIGN_STYLE = Automatic;
				DEVELOPMENT_ASSET_PATHS = "\"ForEachNavLink_V2/Preview Content\"";
				ENABLE_PREVIEWS = YES;
				INFOPLIST_FILE = ForEachNavLink_V2/Info.plist;
				LD_RUNPATH_SEARCH_PATHS = (
					"$(inherited)",
					"@executable_path/Frameworks",
				);
				PRODUCT_BUNDLE_IDENTIFIER = "test.ForEachNavLink-V2";
				PRODUCT_NAME = "$(TARGET_NAME)";
				SWIFT_VERSION = 5.0;
				TARGETED_DEVICE_FAMILY = "1,2";
			};
			name = Release;
		};
/* End XCBuildConfiguration section */

/* Begin XCConfigurationList section */
		6BBCF817251E17A3005357B0 /* Build configuration list for PBXProject "ForEachNavLink_V2" */ = {
			isa = XCConfigurationList;
			buildConfigurations = (
				6BBCF82E251E17A7005357B0 /* Debug */,
				6BBCF82F251E17A7005357B0 /* Release */,
			);
			defaultConfigurationIsVisible = 0;
			defaultConfigurationName = Release;
		};
		6BBCF830251E17A7005357B0 /* Build configuration list for PBXNativeTarget "ForEachNavLink_V2" */ = {
			isa = XCConfigurationList;
			buildConfigurations = (
				6BBCF831251E17A7005357B0 /* Debug */,
				6BBCF832251E17A7005357B0 /* Release */,
			);
			defaultConfigurationIsVisible = 0;
			defaultConfigurationName = Release;
		};
/* End XCConfigurationList section */
	};
	rootObject = 6BBCF814251E17A3005357B0 /* Project object */;
}
